
Microsoft Visual Studio Solution File, Format Version 12.00
# Visual Studio Version 17
VisualStudioVersion = 17.3.32901.215
MinimumVisualStudioVersion = 10.0.40219.1
Project("{9A19103F-16F7-4668-BE54-9A1E7A4F7556}") = "SapphirApp", "SapphirApp.csproj", "{73E89804-830F-4F7C-9D4A-DACFBEB259F2}"
EndProject
Project("{9A19103F-16F7-4668-BE54-9A1E7A4F7556}") = "SapphirApp.Data", "..\SapphireApp.Data\SapphirApp.Data.csproj", "{7E411242-768F-419D-8C88-DC157D6DA1E1}"
EndProject
Global
	GlobalSection(SolutionConfigurationPlatforms) = preSolution
		Debug|Any CPU = Debug|Any CPU
		Release|Any CPU = Release|Any CPU
	EndGlobalSection
	GlobalSection(ProjectConfigurationPlatforms) = postSolution
		{73E89804-830F-4F7C-9D4A-DACFBEB259F2}.Debug|Any CPU.ActiveCfg = Debug|Any CPU
		{73E89804-830F-4F7C-9D4A-DACFBEB259F2}.Debug|Any CPU.Build.0 = Debug|Any CPU
		{73E89804-830F-4F7C-9D4A-DACFBEB259F2}.Release|Any CPU.ActiveCfg = Release|Any CPU
		{73E89804-830F-4F7C-9D4A-DACFBEB259F2}.Release|Any CPU.Build.0 = Release|Any CPU
		{7E411242-768F-419D-8C88-DC157D6DA1E1}.Debug|Any CPU.ActiveCfg = Debug|Any CPU
		{7E411242-768F-419D-8C88-DC157D6DA1E1}.Debug|Any CPU.Build.0 = Debug|Any CPU
		{7E411242-768F-419D-8C88-DC157D6DA1E1}.Release|Any CPU.ActiveCfg = Release|Any CPU
		{7E411242-768F-419D-8C88-DC157D6DA1E1}.Release|Any CPU.Build.0 = Release|Any CPU
	EndGlobalSection
	GlobalSection(SolutionProperties) = preSolution
		HideSolutionNode = FALSE
	EndGlobalSection
	GlobalSection(ExtensibilityGlobals) = postSolution
		SolutionGuid = {E14D6D4B-5362-4E28-A5CD-EF66A0274E70}
	EndGlobalSection
EndGlobal
